{
  "nodes": {
    "hywenhei-extended-font": {
      "flake": false,
      "locked": {
        "lastModified": 1706958192,
        "narHash": "sha256-zzRUVv+OmINrvhOkQWZQ6EjjsqQMO2oAiOKE7je1F6U=",
        "owner": "cawa-93",
        "repo": "HYWenHei-Extended-Font",
        "rev": "4377078bad15b06e68576cab2173d7467398afe7",
        "type": "github"
      },
      "original": {
        "owner": "cawa-93",
        "repo": "HYWenHei-Extended-Font",
        "type": "github"
      }
    },
    "nixpkgs": {
      "locked": {
        "lastModified": 1739446958,
        "narHash": "sha256-+/bYK3DbPxMIvSL4zArkMX0LQvS7rzBKXnDXLfKyRVc=",
        "owner": "NixOS",
        "repo": "nixpkgs",
        "rev": "2ff53fe64443980e139eaa286017f53f88336dd0",
        "type": "github"
      },
      "original": {
        "owner": "NixOS",
        "repo": "nixpkgs",
        "type": "github"
      }
    },
    "root": {
      "inputs": {
        "hywenhei-extended-font": "hywenhei-extended-font",
        "nixpkgs": "nixpkgs"
      }
    }
  },
  "root": "root",
  "version": 7
}
